
Microsoft Visual Studio Solution File, Format Version 12.00
# Visual Studio 2013
VisualStudioVersion = 12.0.31101.0
MinimumVisualStudioVersion = 10.0.40219.1
Project("{FAE04EC0-301F-11D3-BF4B-00C04F79EFBC}") = "SharpTox", "SharpTox\SharpTox.csproj", "{B3AB7D92-3D7A-41B2-86D1-D1B256B07663}"
EndProject
Project("{FAE04EC0-301F-11D3-BF4B-00C04F79EFBC}") = "SharpTox.Test", "SharpTox.Test\SharpTox.Test.csproj", "{D8F2B467-71BF-462A-AC94-077C4BB67A33}"
EndProject
Global
	GlobalSection(SolutionConfigurationPlatforms) = preSolution
		Debug POSIX|Any CPU = Debug POSIX|Any CPU
		Debug POSIX|Mixed Platforms = Debug POSIX|Mixed Platforms
		Debug POSIX|x64 = Debug POSIX|x64
		Debug POSIX|x86 = Debug POSIX|x86
		Debug|Any CPU = Debug|Any CPU
		Debug|Mixed Platforms = Debug|Mixed Platforms
		Debug|x64 = Debug|x64
		Debug|x86 = Debug|x86
		Release POSIX|Any CPU = Release POSIX|Any CPU
		Release POSIX|Mixed Platforms = Release POSIX|Mixed Platforms
		Release POSIX|x64 = Release POSIX|x64
		Release POSIX|x86 = Release POSIX|x86
		Release|Any CPU = Release|Any CPU
		Release|Mixed Platforms = Release|Mixed Platforms
		Release|x64 = Release|x64
		Release|x86 = Release|x86
	EndGlobalSection
	GlobalSection(ProjectConfigurationPlatforms) = postSolution
		{B3AB7D92-3D7A-41B2-86D1-D1B256B07663}.Debug POSIX|Any CPU.ActiveCfg = Debug POSIX|Any CPU
		{B3AB7D92-3D7A-41B2-86D1-D1B256B07663}.Debug POSIX|Any CPU.Build.0 = Debug POSIX|Any CPU
		{B3AB7D92-3D7A-41B2-86D1-D1B256B07663}.Debug POSIX|Mixed Platforms.ActiveCfg = Debug POSIX|x86
		{B3AB7D92-3D7A-41B2-86D1-D1B256B07663}.Debug POSIX|Mixed Platforms.Build.0 = Debug POSIX|x86
		{B3AB7D92-3D7A-41B2-86D1-D1B256B07663}.Debug POSIX|x64.ActiveCfg = Debug POSIX|x64
		{B3AB7D92-3D7A-41B2-86D1-D1B256B07663}.Debug POSIX|x64.Build.0 = Debug POSIX|x64
		{B3AB7D92-3D7A-41B2-86D1-D1B256B07663}.Debug POSIX|x86.ActiveCfg = Debug POSIX|x86
		{B3AB7D92-3D7A-41B2-86D1-D1B256B07663}.Debug POSIX|x86.Build.0 = Debug POSIX|x86
		{B3AB7D92-3D7A-41B2-86D1-D1B256B07663}.Debug|Any CPU.ActiveCfg = Debug|Any CPU
		{B3AB7D92-3D7A-41B2-86D1-D1B256B07663}.Debug|Any CPU.Build.0 = Debug|Any CPU
		{B3AB7D92-3D7A-41B2-86D1-D1B256B07663}.Debug|Mixed Platforms.ActiveCfg = Debug|x86
		{B3AB7D92-3D7A-41B2-86D1-D1B256B07663}.Debug|Mixed Platforms.Build.0 = Debug|x86
		{B3AB7D92-3D7A-41B2-86D1-D1B256B07663}.Debug|x64.ActiveCfg = Debug|x64
		{B3AB7D92-3D7A-41B2-86D1-D1B256B07663}.Debug|x64.Build.0 = Debug|x64
		{B3AB7D92-3D7A-41B2-86D1-D1B256B07663}.Debug|x86.ActiveCfg = Debug|x86
		{B3AB7D92-3D7A-41B2-86D1-D1B256B07663}.Debug|x86.Build.0 = Debug|x86
		{B3AB7D92-3D7A-41B2-86D1-D1B256B07663}.Release POSIX|Any CPU.ActiveCfg = Release POSIX|Any CPU
		{B3AB7D92-3D7A-41B2-86D1-D1B256B07663}.Release POSIX|Any CPU.Build.0 = Release POSIX|Any CPU
		{B3AB7D92-3D7A-41B2-86D1-D1B256B07663}.Release POSIX|Mixed Platforms.ActiveCfg = Release POSIX|x86
		{B3AB7D92-3D7A-41B2-86D1-D1B256B07663}.Release POSIX|Mixed Platforms.Build.0 = Release POSIX|x86
		{B3AB7D92-3D7A-41B2-86D1-D1B256B07663}.Release POSIX|x64.ActiveCfg = Release POSIX|x64
		{B3AB7D92-3D7A-41B2-86D1-D1B256B07663}.Release POSIX|x64.Build.0 = Release POSIX|x64
		{B3AB7D92-3D7A-41B2-86D1-D1B256B07663}.Release POSIX|x86.ActiveCfg = Release POSIX|x86
		{B3AB7D92-3D7A-41B2-86D1-D1B256B07663}.Release POSIX|x86.Build.0 = Release POSIX|x86
		{B3AB7D92-3D7A-41B2-86D1-D1B256B07663}.Release|Any CPU.ActiveCfg = Release|Any CPU
		{B3AB7D92-3D7A-41B2-86D1-D1B256B07663}.Release|Any CPU.Build.0 = Release|Any CPU
		{B3AB7D92-3D7A-41B2-86D1-D1B256B07663}.Release|Mixed Platforms.ActiveCfg = Release|x86
		{B3AB7D92-3D7A-41B2-86D1-D1B256B07663}.Release|Mixed Platforms.Build.0 = Release|x86
		{B3AB7D92-3D7A-41B2-86D1-D1B256B07663}.Release|x64.ActiveCfg = Release|x64
		{B3AB7D92-3D7A-41B2-86D1-D1B256B07663}.Release|x64.Build.0 = Release|x64
		{B3AB7D92-3D7A-41B2-86D1-D1B256B07663}.Release|x86.ActiveCfg = Release|x86
		{B3AB7D92-3D7A-41B2-86D1-D1B256B07663}.Release|x86.Build.0 = Release|x86
		{D8F2B467-71BF-462A-AC94-077C4BB67A33}.Debug POSIX|Any CPU.ActiveCfg = Debug|Any CPU
		{D8F2B467-71BF-462A-AC94-077C4BB67A33}.Debug POSIX|Any CPU.Build.0 = Debug|Any CPU
		{D8F2B467-71BF-462A-AC94-077C4BB67A33}.Debug POSIX|Mixed Platforms.ActiveCfg = Debug|Any CPU
		{D8F2B467-71BF-462A-AC94-077C4BB67A33}.Debug POSIX|Mixed Platforms.Build.0 = Debug|Any CPU
		{D8F2B467-71BF-462A-AC94-077C4BB67A33}.Debug POSIX|x64.ActiveCfg = Debug|Any CPU
		{D8F2B467-71BF-462A-AC94-077C4BB67A33}.Debug POSIX|x86.ActiveCfg = Debug|Any CPU
		{D8F2B467-71BF-462A-AC94-077C4BB67A33}.Debug|Any CPU.ActiveCfg = Debug|Any CPU
		{D8F2B467-71BF-462A-AC94-077C4BB67A33}.Debug|Any CPU.Build.0 = Debug|Any CPU
		{D8F2B467-71BF-462A-AC94-077C4BB67A33}.Debug|Mixed Platforms.ActiveCfg = Debug|Any CPU
		{D8F2B467-71BF-462A-AC94-077C4BB67A33}.Debug|Mixed Platforms.Build.0 = Debug|Any CPU
		{D8F2B467-71BF-462A-AC94-077C4BB67A33}.Debug|x64.ActiveCfg = Debug|Any CPU
		{D8F2B467-71BF-462A-AC94-077C4BB67A33}.Debug|x86.ActiveCfg = Debug|Any CPU
		{D8F2B467-71BF-462A-AC94-077C4BB67A33}.Release POSIX|Any CPU.ActiveCfg = Release|Any CPU
		{D8F2B467-71BF-462A-AC94-077C4BB67A33}.Release POSIX|Any CPU.Build.0 = Release|Any CPU
		{D8F2B467-71BF-462A-AC94-077C4BB67A33}.Release POSIX|Mixed Platforms.ActiveCfg = Release|Any CPU
		{D8F2B467-71BF-462A-AC94-077C4BB67A33}.Release POSIX|Mixed Platforms.Build.0 = Release|Any CPU
		{D8F2B467-71BF-462A-AC94-077C4BB67A33}.Release POSIX|x64.ActiveCfg = Release|Any CPU
		{D8F2B467-71BF-462A-AC94-077C4BB67A33}.Release POSIX|x86.ActiveCfg = Release|Any CPU
		{D8F2B467-71BF-462A-AC94-077C4BB67A33}.Release|Any CPU.ActiveCfg = Release|Any CPU
		{D8F2B467-71BF-462A-AC94-077C4BB67A33}.Release|Any CPU.Build.0 = Release|Any CPU
		{D8F2B467-71BF-462A-AC94-077C4BB67A33}.Release|Mixed Platforms.ActiveCfg = Release|Any CPU
		{D8F2B467-71BF-462A-AC94-077C4BB67A33}.Release|Mixed Platforms.Build.0 = Release|Any CPU
		{D8F2B467-71BF-462A-AC94-077C4BB67A33}.Release|x64.ActiveCfg = Release|Any CPU
		{D8F2B467-71BF-462A-AC94-077C4BB67A33}.Release|x86.ActiveCfg = Release|Any CPU
	EndGlobalSection
	GlobalSection(SolutionProperties) = preSolution
		HideSolutionNode = FALSE
	EndGlobalSection
EndGlobal
